
Microsoft Visual Studio Solution File, Format Version 12.00
# Visual Studio Version 17
VisualStudioVersion = 17.9.34902.65
MinimumVisualStudioVersion = 10.0.40219.1
Project("{FAE04EC0-301F-11D3-BF4B-00C04F79EFBC}") = "INFORCE_.NET_TASK.Server", "INFORCE_.NET_TASK.Server\INFORCE_.NET_TASK.Server.csproj", "{EA714C20-C548-4FD8-9797-45B463A9126B}"
EndProject
Project("{54A90642-561A-4BB1-A94E-469ADEE60C69}") = "inforce_.net_task.client", "inforce_.net_task.client\inforce_.net_task.client.esproj", "{B1545B62-6A7F-4E07-9D80-C1DE3035E6A7}"
EndProject
Global
	GlobalSection(SolutionConfigurationPlatforms) = preSolution
		Debug|Any CPU = Debug|Any CPU
		Release|Any CPU = Release|Any CPU
	EndGlobalSection
	GlobalSection(ProjectConfigurationPlatforms) = postSolution
		{EA714C20-C548-4FD8-9797-45B463A9126B}.Debug|Any CPU.ActiveCfg = Debug|Any CPU
		{EA714C20-C548-4FD8-9797-45B463A9126B}.Debug|Any CPU.Build.0 = Debug|Any CPU
		{EA714C20-C548-4FD8-9797-45B463A9126B}.Release|Any CPU.ActiveCfg = Release|Any CPU
		{EA714C20-C548-4FD8-9797-45B463A9126B}.Release|Any CPU.Build.0 = Release|Any CPU
		{B1545B62-6A7F-4E07-9D80-C1DE3035E6A7}.Debug|Any CPU.ActiveCfg = Debug|Any CPU
		{B1545B62-6A7F-4E07-9D80-C1DE3035E6A7}.Debug|Any CPU.Build.0 = Debug|Any CPU
		{B1545B62-6A7F-4E07-9D80-C1DE3035E6A7}.Debug|Any CPU.Deploy.0 = Debug|Any CPU
		{B1545B62-6A7F-4E07-9D80-C1DE3035E6A7}.Release|Any CPU.ActiveCfg = Release|Any CPU
		{B1545B62-6A7F-4E07-9D80-C1DE3035E6A7}.Release|Any CPU.Build.0 = Release|Any CPU
		{B1545B62-6A7F-4E07-9D80-C1DE3035E6A7}.Release|Any CPU.Deploy.0 = Release|Any CPU
	EndGlobalSection
	GlobalSection(SolutionProperties) = preSolution
		HideSolutionNode = FALSE
	EndGlobalSection
	GlobalSection(ExtensibilityGlobals) = postSolution
		SolutionGuid = {09D4E77A-E8D9-47FA-B0FD-E1BFDD8DF202}
	EndGlobalSection
EndGlobal
